<?xml version="1.0" encoding="utf-8"?>
<Project ToolsVersion="4.0" xmlns="http://schemas.microsoft.com/developer/msbuild/2003">
  <ItemGroup>
    <ClCompile Include="main.cpp" />
  </ItemGroup>
  <ItemGroup>
    <ClInclude Include="imports.h">
      <Filter>Headers</Filter>
    </ClInclude>
    <ClInclude Include="mem.h">
      <Filter>Headers</Filter>
    </ClInclude>
    <ClInclude Include="utils.h">
      <Filter>Headers</Filter>
    </ClInclude>
    <ClInclude Include="adc.h">
      <Filter>Headers</Filter>
    </ClInclude>
    <ClInclude Include="nt.hpp">
      <Filter>Headers</Filter>
    </ClInclude>
  </ItemGroup>
  <ItemGroup>
    <Filter Include="Headers">
      <UniqueIdentifier>{629b4ff1-18fa-4e65-80a3-073cae592a2d}</UniqueIdentifier>
    </Filter>
  </ItemGroup>
</Project>